// !$*UTF8*$!
{
	archiveVersion = 1;
	classes = {
	};
	objectVersion = 46;
	objects = {

/* Begin PBXBuildFile section */
		180361331C0734E5006DAB39 /* main.m in Sources */ = {isa = PBXBuildFile; fileRef = 180361321C0734E5006DAB39 /* main.m */; };
		180361361C0734E5006DAB39 /* AppDelegate.m in Sources */ = {isa = PBXBuildFile; fileRef = 180361351C0734E5006DAB39 /* AppDelegate.m */; };
		180361391C0734E5006DAB39 /* ViewController.m in Sources */ = {isa = PBXBuildFile; fileRef = 180361381C0734E5006DAB39 /* ViewController.m */; };
		1803613C1C0734E5006DAB39 /* Main.storyboard in Resources */ = {isa = PBXBuildFile; fileRef = 1803613A1C0734E5006DAB39 /* Main.storyboard */; };
		1803613E1C0734E5006DAB39 /* Assets.xcassets in Resources */ = {isa = PBXBuildFile; fileRef = 1803613D1C0734E5006DAB39 /* Assets.xcassets */; };
		180361411C0734E5006DAB39 /* LaunchScreen.storyboard in Resources */ = {isa = PBXBuildFile; fileRef = 1803613F1C0734E5006DAB39 /* LaunchScreen.storyboard */; };
		1803614C1C0734E5006DAB39 /* CZEazyTableTests.m in Sources */ = {isa = PBXBuildFile; fileRef = 1803614B1C0734E5006DAB39 /* CZEazyTableTests.m */; };
		180361571C0734E5006DAB39 /* CZEazyTableUITests.m in Sources */ = {isa = PBXBuildFile; fileRef = 180361561C0734E5006DAB39 /* CZEazyTableUITests.m */; };
		180361661C0737AD006DAB39 /* CZEazyTableViewController.m in Sources */ = {isa = PBXBuildFile; fileRef = 180361651C0737AD006DAB39 /* CZEazyTableViewController.m */; };
/* End PBXBuildFile section */

/* Begin PBXContainerItemProxy section */
		180361481C0734E5006DAB39 /* PBXContainerItemProxy */ = {
			isa = PBXContainerItemProxy;
			containerPortal = 180361261C0734E5006DAB39 /* Project object */;
			proxyType = 1;
			remoteGlobalIDString = 1803612D1C0734E5006DAB39;
			remoteInfo = CZEazyTable;
		};
		180361531C0734E5006DAB39 /* PBXContainerItemProxy */ = {
			isa = PBXContainerItemProxy;
			containerPortal = 180361261C0734E5006DAB39 /* Project object */;
			proxyType = 1;
			remoteGlobalIDString = 1803612D1C0734E5006DAB39;
			remoteInfo = CZEazyTable;
		};
/* End PBXContainerItemProxy section */

/* Begin PBXFileReference section */
		1803612E1C0734E5006DAB39 /* CZEazyTable.app */ = {isa = PBXFileReference; explicitFileType = wrapper.application; includeInIndex = 0; path = CZEazyTable.app; sourceTree = BUILT_PRODUCTS_DIR; };
		180361321C0734E5006DAB39 /* main.m */ = {isa = PBXFileReference; lastKnownFileType = sourcecode.c.objc; path = main.m; sourceTree = "<group>"; };
		180361341C0734E5006DAB39 /* AppDelegate.h */ = {isa = PBXFileReference; lastKnownFileType = sourcecode.c.h; path = AppDelegate.h; sourceTree = "<group>"; };
		180361351C0734E5006DAB39 /* AppDelegate.m */ = {isa = PBXFileReference; lastKnownFileType = sourcecode.c.objc; path = AppDelegate.m; sourceTree = "<group>"; };
		180361371C0734E5006DAB39 /* ViewController.h */ = {isa = PBXFileReference; lastKnownFileType = sourcecode.c.h; path = ViewController.h; sourceTree = "<group>"; };
		180361381C0734E5006DAB39 /* ViewController.m */ = {isa = PBXFileReference; lastKnownFileType = sourcecode.c.objc; path = ViewController.m; sourceTree = "<group>"; };
		1803613B1C0734E5006DAB39 /* Base */ = {isa = PBXFileReference; lastKnownFileType = file.storyboard; name = Base; path = Base.lproj/Main.storyboard; sourceTree = "<group>"; };
		1803613D1C0734E5006DAB39 /* Assets.xcassets */ = {isa = PBXFileReference; lastKnownFileType = folder.assetcatalog; path = Assets.xcassets; sourceTree = "<group>"; };
		180361401C0734E5006DAB39 /* Base */ = {isa = PBXFileReference; lastKnownFileType = file.storyboard; name = Base; path = Base.lproj/LaunchScreen.storyboard; sourceTree = "<group>"; };
		180361421C0734E5006DAB39 /* Info.plist */ = {isa = PBXFileReference; lastKnownFileType = text.plist.xml; path = Info.plist; sourceTree = "<group>"; };
		180361471C0734E5006DAB39 /* CZEazyTableTests.xctest */ = {isa = PBXFileReference; explicitFileType = wrapper.cfbundle; includeInIndex = 0; path = CZEazyTableTests.xctest; sourceTree = BUILT_PRODUCTS_DIR; };
		1803614B1C0734E5006DAB39 /* CZEazyTableTests.m */ = {isa = PBXFileReference; lastKnownFileType = sourcecode.c.objc; path = CZEazyTableTests.m; sourceTree = "<group>"; };
		1803614D1C0734E5006DAB39 /* Info.plist */ = {isa = PBXFileReference; lastKnownFileType = text.plist.xml; path = Info.plist; sourceTree = "<group>"; };
		180361521C0734E5006DAB39 /* CZEazyTableUITests.xctest */ = {isa = PBXFileReference; explicitFileType = wrapper.cfbundle; includeInIndex = 0; path = CZEazyTableUITests.xctest; sourceTree = BUILT_PRODUCTS_DIR; };
		180361561C0734E5006DAB39 /* CZEazyTableUITests.m */ = {isa = PBXFileReference; lastKnownFileType = sourcecode.c.objc; path = CZEazyTableUITests.m; sourceTree = "<group>"; };
		180361581C0734E5006DAB39 /* Info.plist */ = {isa = PBXFileReference; lastKnownFileType = text.plist.xml; path = Info.plist; sourceTree = "<group>"; };
		180361641C0737AD006DAB39 /* CZEazyTableViewController.h */ = {isa = PBXFileReference; fileEncoding = 4; lastKnownFileType = sourcecode.c.h; name = CZEazyTableViewController.h; path = CZEazyTable/CZEazyTableViewController.h; sourceTree = "<group>"; };
		180361651C0737AD006DAB39 /* CZEazyTableViewController.m */ = {isa = PBXFileReference; fileEncoding = 4; lastKnownFileType = sourcecode.c.objc; name = CZEazyTableViewController.m; path = CZEazyTable/CZEazyTableViewController.m; sourceTree = "<group>"; };
/* End PBXFileReference section */

/* Begin PBXFrameworksBuildPhase section */
		1803612B1C0734E5006DAB39 /* Frameworks */ = {
			isa = PBXFrameworksBuildPhase;
			buildActionMask = 2147483647;
			files = (
			);
			runOnlyForDeploymentPostprocessing = 0;
		};
		180361441C0734E5006DAB39 /* Frameworks */ = {
			isa = PBXFrameworksBuildPhase;
			buildActionMask = 2147483647;
			files = (
			);
			runOnlyForDeploymentPostprocessing = 0;
		};
		1803614F1C0734E5006DAB39 /* Frameworks */ = {
			isa = PBXFrameworksBuildPhase;
			buildActionMask = 2147483647;
			files = (
			);
			runOnlyForDeploymentPostprocessing = 0;
		};
/* End PBXFrameworksBuildPhase section */

/* Begin PBXGroup section */
		180361251C0734E5006DAB39 = {
			isa = PBXGroup;
			children = (
				180361301C0734E5006DAB39 /* CZEazyTable */,
				1803614A1C0734E5006DAB39 /* CZEazyTableTests */,
				180361551C0734E5006DAB39 /* CZEazyTableUITests */,
				1803612F1C0734E5006DAB39 /* Products */,
			);
			sourceTree = "<group>";
		};
		1803612F1C0734E5006DAB39 /* Products */ = {
			isa = PBXGroup;
			children = (
				1803612E1C0734E5006DAB39 /* CZEazyTable.app */,
				180361471C0734E5006DAB39 /* CZEazyTableTests.xctest */,
				180361521C0734E5006DAB39 /* CZEazyTableUITests.xctest */,
			);
			name = Products;
			sourceTree = "<group>";
		};
		180361301C0734E5006DAB39 /* CZEazyTable */ = {
			isa = PBXGroup;
			children = (
				180361341C0734E5006DAB39 /* AppDelegate.h */,
				180361351C0734E5006DAB39 /* AppDelegate.m */,
				180361371C0734E5006DAB39 /* ViewController.h */,
				180361381C0734E5006DAB39 /* ViewController.m */,
				180361641C0737AD006DAB39 /* CZEazyTableViewController.h */,
				180361651C0737AD006DAB39 /* CZEazyTableViewController.m */,
				1803613A1C0734E5006DAB39 /* Main.storyboard */,
				1803613D1C0734E5006DAB39 /* Assets.xcassets */,
				1803613F1C0734E5006DAB39 /* LaunchScreen.storyboard */,
				180361421C0734E5006DAB39 /* Info.plist */,
				180361311C0734E5006DAB39 /* Supporting Files */,
			);
			path = CZEazyTable;
			sourceTree = "<group>";
		};
		180361311C0734E5006DAB39 /* Supporting Files */ = {
			isa = PBXGroup;
			children = (
				180361321C0734E5006DAB39 /* main.m */,
			);
			name = "Supporting Files";
			sourceTree = "<group>";
		};
		1803614A1C0734E5006DAB39 /* CZEazyTableTests */ = {
			isa = PBXGroup;
			children = (
				1803614B1C0734E5006DAB39 /* CZEazyTableTests.m */,
				1803614D1C0734E5006DAB39 /* Info.plist */,
			);
			path = CZEazyTableTests;
			sourceTree = "<group>";
		};
		180361551C0734E5006DAB39 /* CZEazyTableUITests */ = {
			isa = PBXGroup;
			children = (
				180361561C0734E5006DAB39 /* CZEazyTableUITests.m */,
				180361581C0734E5006DAB39 /* Info.plist */,
			);
			path = CZEazyTableUITests;
			sourceTree = "<group>";
		};
/* End PBXGroup section */

/* Begin PBXNativeTarget section */
		1803612D1C0734E5006DAB39 /* CZEazyTable */ = {
			isa = PBXNativeTarget;
			buildConfigurationList = 1803615B1C0734E5006DAB39 /* Build configuration list for PBXNativeTarget "CZEazyTable" */;
			buildPhases = (
				1803612A1C0734E5006DAB39 /* Sources */,
				1803612B1C0734E5006DAB39 /* Frameworks */,
				1803612C1C0734E5006DAB39 /* Resources */,
			);
			buildRules = (
			);
			dependencies = (
			);
			name = CZEazyTable;
			productName = CZEazyTable;
			productReference = 1803612E1C0734E5006DAB39 /* CZEazyTable.app */;
			productType = "com.apple.product-type.application";
		};
		180361461C0734E5006DAB39 /* CZEazyTableTests */ = {
			isa = PBXNativeTarget;
			buildConfigurationList = 1803615E1C0734E5006DAB39 /* Build configuration list for PBXNativeTarget "CZEazyTableTests" */;
			buildPhases = (
				180361431C0734E5006DAB39 /* Sources */,
				180361441C0734E5006DAB39 /* Frameworks */,
				180361451C0734E5006DAB39 /* Resources */,
			);
			buildRules = (
			);
			dependencies = (
				180361491C0734E5006DAB39 /* PBXTargetDependency */,
			);
			name = CZEazyTableTests;
			productName = CZEazyTableTests;
			productReference = 180361471C0734E5006DAB39 /* CZEazyTableTests.xctest */;
			productType = "com.apple.product-type.bundle.unit-test";
		};
		180361511C0734E5006DAB39 /* CZEazyTableUITests */ = {
			isa = PBXNativeTarget;
			buildConfigurationList = 180361611C0734E5006DAB39 /* Build configuration list for PBXNativeTarget "CZEazyTableUITests" */;
			buildPhases = (
				1803614E1C0734E5006DAB39 /* Sources */,
				1803614F1C0734E5006DAB39 /* Frameworks */,
				180361501C0734E5006DAB39 /* Resources */,
			);
			buildRules = (
			);
			dependencies = (
				180361541C0734E5006DAB39 /* PBXTargetDependency */,
			);
			name = CZEazyTableUITests;
			productName = CZEazyTableUITests;
			productReference = 180361521C0734E5006DAB39 /* CZEazyTableUITests.xctest */;
			productType = "com.apple.product-type.bundle.ui-testing";
		};
/* End PBXNativeTarget section */

/* Begin PBXProject section */
		180361261C0734E5006DAB39 /* Project object */ = {
			isa = PBXProject;
			attributes = {
				LastUpgradeCheck = 0710;
				ORGANIZATIONNAME = CzarsStudio;
				TargetAttributes = {
					1803612D1C0734E5006DAB39 = {
						CreatedOnToolsVersion = 7.1.1;
						DevelopmentTeam = EPQ5C87BEN;
					};
					180361461C0734E5006DAB39 = {
						CreatedOnToolsVersion = 7.1.1;
						DevelopmentTeam = EPQ5C87BEN;
						TestTargetID = 1803612D1C0734E5006DAB39;
					};
					180361511C0734E5006DAB39 = {
						CreatedOnToolsVersion = 7.1.1;
						DevelopmentTeam = EPQ5C87BEN;
						TestTargetID = 1803612D1C0734E5006DAB39;
					};
				};
			};
			buildConfigurationList = 180361291C0734E5006DAB39 /* Build configuration list for PBXProject "CZEazyTable" */;
			compatibilityVersion = "Xcode 3.2";
			developmentRegion = English;
			hasScannedForEncodings = 0;
			knownRegions = (
				en,
				Base,
			);
			mainGroup = 180361251C0734E5006DAB39;
			productRefGroup = 1803612F1C0734E5006DAB39 /* Products */;
			projectDirPath = "";
			projectRoot = "";
			targets = (
				1803612D1C0734E5006DAB39 /* CZEazyTable */,
				180361461C0734E5006DAB39 /* CZEazyTableTests */,
				180361511C0734E5006DAB39 /* CZEazyTableUITests */,
			);
		};
/* End PBXProject section */

/* Begin PBXResourcesBuildPhase section */
		1803612C1C0734E5006DAB39 /* Resources */ = {
			isa = PBXResourcesBuildPhase;
			buildActionMask = 2147483647;
			files = (
				180361411C0734E5006DAB39 /* LaunchScreen.storyboard in Resources */,
				1803613E1C0734E5006DAB39 /* Assets.xcassets in Resources */,
				1803613C1C0734E5006DAB39 /* Main.storyboard in Resources */,
			);
			runOnlyForDeploymentPostprocessing = 0;
		};
		180361451C0734E5006DAB39 /* Resources */ = {
			isa = PBXResourcesBuildPhase;
			buildActionMask = 2147483647;
			files = (
			);
			runOnlyForDeploymentPostprocessing = 0;
		};
		180361501C0734E5006DAB39 /* Resources */ = {
			isa = PBXResourcesBuildPhase;
			buildActionMask = 2147483647;
			files = (
			);
			runOnlyForDeploymentPostprocessing = 0;
		};
/* End PBXResourcesBuildPhase section */

/* Begin PBXSourcesBuildPhase section */
		1803612A1C0734E5006DAB39 /* Sources */ = {
			isa = PBXSourcesBuildPhase;
			buildActionMask = 2147483647;
			files = (
				180361391C0734E5006DAB39 /* ViewController.m in Sources */,
				180361361C0734E5006DAB39 /* AppDelegate.m in Sources */,
				180361331C0734E5006DAB39 /* main.m in Sources */,
				180361661C0737AD006DAB39 /* CZEazyTableViewController.m in Sources */,
			);
			runOnlyForDeploymentPostprocessing = 0;
		};
		180361431C0734E5006DAB39 /* Sources */ = {
			isa = PBXSourcesBuildPhase;
			buildActionMask = 2147483647;
			files = (
				1803614C1C0734E5006DAB39 /* CZEazyTableTests.m in Sources */,
			);
			runOnlyForDeploymentPostprocessing = 0;
		};
		1803614E1C0734E5006DAB39 /* Sources */ = {
			isa = PBXSourcesBuildPhase;
			buildActionMask = 2147483647;
			files = (
				180361571C0734E5006DAB39 /* CZEazyTableUITests.m in Sources */,
			);
			runOnlyForDeploymentPostprocessing = 0;
		};
/* End PBXSourcesBuildPhase section */

/* Begin PBXTargetDependency section */
		180361491C0734E5006DAB39 /* PBXTargetDependency */ = {
			isa = PBXTargetDependency;
			target = 1803612D1C0734E5006DAB39 /* CZEazyTable */;
			targetProxy = 180361481C0734E5006DAB39 /* PBXContainerItemProxy */;
		};
		180361541C0734E5006DAB39 /* PBXTargetDependency */ = {
			isa = PBXTargetDependency;
			target = 1803612D1C0734E5006DAB39 /* CZEazyTable */;
			targetProxy = 180361531C0734E5006DAB39 /* PBXContainerItemProxy */;
		};
/* End PBXTargetDependency section */

/* Begin PBXVariantGroup section */
		1803613A1C0734E5006DAB39 /* Main.storyboard */ = {
			isa = PBXVariantGroup;
			children = (
				1803613B1C0734E5006DAB39 /* Base */,
			);
			name = Main.storyboard;
			sourceTree = "<group>";
		};
		1803613F1C0734E5006DAB39 /* LaunchScreen.storyboard */ = {
			isa = PBXVariantGroup;
			children = (
				180361401C0734E5006DAB39 /* Base */,
			);
			name = LaunchScreen.storyboard;
			sourceTree = "<group>";
		};
/* End PBXVariantGroup section */

/* Begin XCBuildConfiguration section */
		180361591C0734E5006DAB39 /* Debug */ = {
			isa = XCBuildConfiguration;
			buildSettings = {
				ALWAYS_SEARCH_USER_PATHS = NO;
				CLANG_CXX_LANGUAGE_STANDARD = "gnu++0x";
				CLANG_CXX_LIBRARY = "libc++";
				CLANG_ENABLE_MODULES = YES;
				CLANG_ENABLE_OBJC_ARC = YES;
				CLANG_WARN_BOOL_CONVERSION = YES;
				CLANG_WARN_CONSTANT_CONVERSION = YES;
				CLANG_WARN_DIRECT_OBJC_ISA_USAGE = YES_ERROR;
				CLANG_WARN_EMPTY_BODY = YES;
				CLANG_WARN_ENUM_CONVERSION = YES;
				CLANG_WARN_INT_CONVERSION = YES;
				CLANG_WARN_OBJC_ROOT_CLASS = YES_ERROR;
				CLANG_WARN_UNREACHABLE_CODE = YES;
				CLANG_WARN__DUPLICATE_METHOD_MATCH = YES;
				"CODE_SIGN_IDENTITY[sdk=iphoneos*]" = "iPhone Developer";
				COPY_PHASE_STRIP = NO;
				DEBUG_INFORMATION_FORMAT = dwarf;
				ENABLE_STRICT_OBJC_MSGSEND = YES;
				ENABLE_TESTABILITY = YES;
				GCC_C_LANGUAGE_STANDARD = gnu99;
				GCC_DYNAMIC_NO_PIC = NO;
				GCC_NO_COMMON_BLOCKS = YES;
				GCC_OPTIMIZATION_LEVEL = 0;
				GCC_PREPROCESSOR_DEFINITIONS = (
					"DEBUG=1",
					"$(inherited)",
				);
				GCC_WARN_64_TO_32_BIT_CONVERSION = YES;
				GCC_WARN_ABOUT_RETURN_TYPE = YES_ERROR;
				GCC_WARN_UNDECLARED_SELECTOR = YES;
				GCC_WARN_UNINITIALIZED_AUTOS = YES_AGGRESSIVE;
				GCC_WARN_UNUSED_FUNCTION = YES;
				GCC_WARN_UNUSED_VARIABLE = YES;
				IPHONEOS_DEPLOYMENT_TARGET = 9.1;
				MTL_ENABLE_DEBUG_INFO = YES;
				ONLY_ACTIVE_ARCH = YES;
				SDKROOT = iphoneos;
				TARGETED_DEVICE_FAMILY = "1,2";
			};
			name = Debug;
		};
		1803615A1C0734E5006DAB39 /* Release */ = {
			isa = XCBuildConfiguration;
			buildSettings = {
				ALWAYS_SEARCH_USER_PATHS = NO;
				CLANG_CXX_LANGUAGE_STANDARD = "gnu++0x";
				CLANG_CXX_LIBRARY = "libc++";
				CLANG_ENABLE_MODULES = YES;
				CLANG_ENABLE_OBJC_ARC = YES;
				CLANG_WARN_BOOL_CONVERSION = YES;
				CLANG_WARN_CONSTANT_CONVERSION = YES;
				CLANG_WARN_DIRECT_OBJC_ISA_USAGE = YES_ERROR;
				CLANG_WARN_EMPTY_BODY = YES;
				CLANG_WARN_ENUM_CONVERSION = YES;
				CLANG_WARN_INT_CONVERSION = YES;
				CLANG_WARN_OBJC_ROOT_CLASS = YES_ERROR;
				CLANG_WARN_UNREACHABLE_CODE = YES;
				CLANG_WARN__DUPLICATE_METHOD_MATCH = YES;
				"CODE_SIGN_IDENTITY[sdk=iphoneos*]" = "iPhone Developer";
				COPY_PHASE_STRIP = NO;
				DEBUG_INFORMATION_FORMAT = "dwarf-with-dsym";
				ENABLE_NS_ASSERTIONS = NO;
				ENABLE_STRICT_OBJC_MSGSEND = YES;
				GCC_C_LANGUAGE_STANDARD = gnu99;
				GCC_NO_COMMON_BLOCKS = YES;
				GCC_WARN_64_TO_32_BIT_CONVERSION = YES;
				GCC_WARN_ABOUT_RETURN_TYPE = YES_ERROR;
				GCC_WARN_UNDECLARED_SELECTOR = YES;
				GCC_WARN_UNINITIALIZED_AUTOS = YES_AGGRESSIVE;
				GCC_WARN_UNUSED_FUNCTION = YES;
				GCC_WARN_UNUSED_VARIABLE = YES;
				IPHONEOS_DEPLOYMENT_TARGET = 9.1;
				MTL_ENABLE_DEBUG_INFO = NO;
				SDKROOT = iphoneos;
				TARGETED_DEVICE_FAMILY = "1,2";
				VALIDATE_PRODUCT = YES;
			};
			name = Release;
		};
		1803615C1C0734E5006DAB39 /* Debug */ = {
			isa = XCBuildConfiguration;
			buildSettings = {
				ASSETCATALOG_COMPILER_APPICON_NAME = AppIcon;
				INFOPLIST_FILE = CZEazyTable/Info.plist;
				LD_RUNPATH_SEARCH_PATHS = "$(inherited) @executable_path/Frameworks";
				PRODUCT_BUNDLE_IDENTIFIER = CzarsStudio.CZEazyTable;
				PRODUCT_NAME = "$(TARGET_NAME)";
			};
			name = Debug;
		};
		1803615D1C0734E5006DAB39 /* Release */ = {
			isa = XCBuildConfiguration;
			buildSettings = {
				ASSETCATALOG_COMPILER_APPICON_NAME = AppIcon;
				INFOPLIST_FILE = CZEazyTable/Info.plist;
				LD_RUNPATH_SEARCH_PATHS = "$(inherited) @executable_path/Frameworks";
				PRODUCT_BUNDLE_IDENTIFIER = CzarsStudio.CZEazyTable;
				PRODUCT_NAME = "$(TARGET_NAME)";
			};
			name = Release;
		};
		1803615F1C0734E5006DAB39 /* Debug */ = {
			isa = XCBuildConfiguration;
			buildSettings = {
				BUNDLE_LOADER = "$(TEST_HOST)";
				INFOPLIST_FILE = CZEazyTableTests/Info.plist;
				LD_RUNPATH_SEARCH_PATHS = "$(inherited) @executable_path/Frameworks @loader_path/Frameworks";
				PRODUCT_BUNDLE_IDENTIFIER = CzarsStudio.CZEazyTableTests;
				PRODUCT_NAME = "$(TARGET_NAME)";
				TEST_HOST = "$(BUILT_PRODUCTS_DIR)/CZEazyTable.app/CZEazyTable";
			};
			name = Debug;
		};
		180361601C0734E5006DAB39 /* Release */ = {
			isa = XCBuildConfiguration;
			buildSettings = {
				BUNDLE_LOADER = "$(TEST_HOST)";
				INFOPLIST_FILE = CZEazyTableTests/Info.plist;
				LD_RUNPATH_SEARCH_PATHS = "$(inherited) @executable_path/Frameworks @loader_path/Frameworks";
				PRODUCT_BUNDLE_IDENTIFIER = CzarsStudio.CZEazyTableTests;
				PRODUCT_NAME = "$(TARGET_NAME)";
				TEST_HOST = "$(BUILT_PRODUCTS_DIR)/CZEazyTable.app/CZEazyTable";
			};
			name = Release;
		};
		180361621C0734E5006DAB39 /* Debug */ = {
			isa = XCBuildConfiguration;
			buildSettings = {
				INFOPLIST_FILE = CZEazyTableUITests/Info.plist;
				LD_RUNPATH_SEARCH_PATHS = "$(inherited) @executable_path/Frameworks @loader_path/Frameworks";
				PRODUCT_BUNDLE_IDENTIFIER = CzarsStudio.CZEazyTableUITests;
				PRODUCT_NAME = "$(TARGET_NAME)";
				TEST_TARGET_NAME = CZEazyTable;
				USES_XCTRUNNER = YES;
			};
			name = Debug;
		};
		180361631C0734E5006DAB39 /* Release */ = {
			isa = XCBuildConfiguration;
			buildSettings = {
				INFOPLIST_FILE = CZEazyTableUITests/Info.plist;
				LD_RUNPATH_SEARCH_PATHS = "$(inherited) @executable_path/Frameworks @loader_path/Frameworks";
				PRODUCT_BUNDLE_IDENTIFIER = CzarsStudio.CZEazyTableUITests;
				PRODUCT_NAME = "$(TARGET_NAME)";
				TEST_TARGET_NAME = CZEazyTable;
				USES_XCTRUNNER = YES;
			};
			name = Release;
		};
/* End XCBuildConfiguration section */

/* Begin XCConfigurationList section */
		180361291C0734E5006DAB39 /* Build configuration list for PBXProject "CZEazyTable" */ = {
			isa = XCConfigurationList;
			buildConfigurations = (
				180361591C0734E5006DAB39 /* Debug */,
				1803615A1C0734E5006DAB39 /* Release */,
			);
			defaultConfigurationIsVisible = 0;
			defaultConfigurationName = Release;
		};
		1803615B1C0734E5006DAB39 /* Build configuration list for PBXNativeTarget "CZEazyTable" */ = {
			isa = XCConfigurationList;
			buildConfigurations = (
				1803615C1C0734E5006DAB39 /* Debug */,
				1803615D1C0734E5006DAB39 /* Release */,
			);
			defaultConfigurationIsVisible = 0;
		};
		1803615E1C0734E5006DAB39 /* Build configuration list for PBXNativeTarget "CZEazyTableTests" */ = {
			isa = XCConfigurationList;
			buildConfigurations = (
				1803615F1C0734E5006DAB39 /* Debug */,
				180361601C0734E5006DAB39 /* Release */,
			);
			defaultConfigurationIsVisible = 0;
		};
		180361611C0734E5006DAB39 /* Build configuration list for PBXNativeTarget "CZEazyTableUITests" */ = {
			isa = XCConfigurationList;
			buildConfigurations = (
				180361621C0734E5006DAB39 /* Debug */,
				180361631C0734E5006DAB39 /* Release */,
			);
			defaultConfigurationIsVisible = 0;
		};
/* End XCConfigurationList section */
	};
	rootObject = 180361261C0734E5006DAB39 /* Project object */;
}
